
Microsoft Visual Studio Solution File, Format Version 12.00
# Visual Studio Version 17
VisualStudioVersion = 17.5.002.0
MinimumVisualStudioVersion = 10.0.40219.1
Project("{2150E333-8FDC-42A3-9474-1A3956D46DE8}") = "app", "app", "{25315E56-6C50-415E-B0CB-CC1D5DFB998C}"
EndProject
Project("{FAE04EC0-301F-11D3-BF4B-00C04F79EFBC}") = "AzureFunc", "src\app\AzureFunc\AzureFunc.csproj", "{75C195E3-F1E1-454B-8C88-A790E90048D7}"
EndProject
Project("{2150E333-8FDC-42A3-9474-1A3956D46DE8}") = "endpoint", "endpoint", "{1B9B1AF3-4AE1-4372-996D-8ACC5CB21F2E}"
EndProject
Project("{2150E333-8FDC-42A3-9474-1A3956D46DE8}") = "CreatingCost.OrchestrateSet", "CreatingCost.OrchestrateSet", "{02BCCEFD-C697-4F7C-B3B0-5E8C202F5663}"
EndProject
Project("{FAE04EC0-301F-11D3-BF4B-00C04F79EFBC}") = "Contract", "src\endpoint\CreatingCost.OrchestrateSet\Contract\Contract.csproj", "{3B1EE117-BBD5-4B39-B30D-C666A6521B4A}"
EndProject
Project("{FAE04EC0-301F-11D3-BF4B-00C04F79EFBC}") = "Handler", "src\endpoint\CreatingCost.OrchestrateSet\Handler\Handler.csproj", "{F65F20A0-8346-462D-9951-5C36E1FA430B}"
EndProject
Project("{FAE04EC0-301F-11D3-BF4B-00C04F79EFBC}") = "Test", "src\endpoint\CreatingCost.OrchestrateSet\Test\Test.csproj", "{3AE1156A-AD4E-426E-A4FA-782A9A280AE1}"
EndProject
Project("{2150E333-8FDC-42A3-9474-1A3956D46DE8}") = "CreatingCost.StartSet", "CreatingCost.StartSet", "{028AC8E4-FB80-4AB1-B8F0-3F20FB8D133C}"
EndProject
Project("{FAE04EC0-301F-11D3-BF4B-00C04F79EFBC}") = "Contract", "src\endpoint\CreatingCost.StartSet\Contract\Contract.csproj", "{B51D9FC2-DABA-40A3-A280-763B5C005A1C}"
EndProject
Project("{FAE04EC0-301F-11D3-BF4B-00C04F79EFBC}") = "Handler", "src\endpoint\CreatingCost.StartSet\Handler\Handler.csproj", "{CB6439E6-A7B3-4CFE-80E6-D58B9AAE3EB4}"
EndProject
Project("{FAE04EC0-301F-11D3-BF4B-00C04F79EFBC}") = "Test", "src\endpoint\CreatingCost.StartSet\Test\Test.csproj", "{AE69E83B-B633-44B2-9371-881A687C3619}"
EndProject
Project("{2150E333-8FDC-42A3-9474-1A3956D46DE8}") = "EmployeeCost.GetSet", "EmployeeCost.GetSet", "{2B335F5A-0D19-42AA-8E59-DC6895689EAD}"
EndProject
Project("{FAE04EC0-301F-11D3-BF4B-00C04F79EFBC}") = "Contract", "src\endpoint\EmployeeCost.GetSet\Contract\Contract.csproj", "{A1839B9D-CE20-4C8E-B858-17EBCC477DB5}"
EndProject
Project("{FAE04EC0-301F-11D3-BF4B-00C04F79EFBC}") = "Handler", "src\endpoint\EmployeeCost.GetSet\Handler\Handler.csproj", "{08C26464-4C3B-4D58-A465-9B526272A818}"
EndProject
Project("{FAE04EC0-301F-11D3-BF4B-00C04F79EFBC}") = "Test", "src\endpoint\EmployeeCost.GetSet\Test\Test.csproj", "{3DA705A7-36EA-4F6A-B3E2-8A9815128EEB}"
EndProject
Project("{2150E333-8FDC-42A3-9474-1A3956D46DE8}") = "ProjectCost.CreateSet", "ProjectCost.CreateSet", "{55CC7FEF-59D3-4DE8-87F6-A113D8CD412E}"
EndProject
Project("{FAE04EC0-301F-11D3-BF4B-00C04F79EFBC}") = "Contract", "src\endpoint\ProjectCost.CreateSet\Contract\Contract.csproj", "{8D81AD28-73AC-4B52-801E-6DB4E2484A92}"
EndProject
Project("{FAE04EC0-301F-11D3-BF4B-00C04F79EFBC}") = "Handler", "src\endpoint\ProjectCost.CreateSet\Handler\Handler.csproj", "{1B602509-4FD2-47E7-9076-6672FA564433}"
EndProject
Project("{FAE04EC0-301F-11D3-BF4B-00C04F79EFBC}") = "Test", "src\endpoint\ProjectCost.CreateSet\Test\Test.csproj", "{A6642B56-6896-4185-9A18-04F9DF6CB297}"
EndProject
Project("{2150E333-8FDC-42A3-9474-1A3956D46DE8}") = "ProjectCost.DeleteSet", "ProjectCost.DeleteSet", "{099D3FA4-7805-467C-A301-F789721EA6E9}"
EndProject
Project("{FAE04EC0-301F-11D3-BF4B-00C04F79EFBC}") = "Contract", "src\endpoint\ProjectCost.DeleteSet\Contract\Contract.csproj", "{F185A38F-2E10-44DA-9418-00C298461B22}"
EndProject
Project("{FAE04EC0-301F-11D3-BF4B-00C04F79EFBC}") = "Handler", "src\endpoint\ProjectCost.DeleteSet\Handler\Handler.csproj", "{E92E722B-5EA8-4AE8-87B7-8C55CD8E5611}"
EndProject
Project("{FAE04EC0-301F-11D3-BF4B-00C04F79EFBC}") = "Test", "src\endpoint\ProjectCost.DeleteSet\Test\Test.csproj", "{D7B12089-D26B-433E-A7FC-C6AD4B49747B}"
EndProject
Global
	GlobalSection(SolutionConfigurationPlatforms) = preSolution
		Debug|Any CPU = Debug|Any CPU
		Release|Any CPU = Release|Any CPU
	EndGlobalSection
	GlobalSection(ProjectConfigurationPlatforms) = postSolution
		{75C195E3-F1E1-454B-8C88-A790E90048D7}.Debug|Any CPU.ActiveCfg = Debug|Any CPU
		{75C195E3-F1E1-454B-8C88-A790E90048D7}.Debug|Any CPU.Build.0 = Debug|Any CPU
		{75C195E3-F1E1-454B-8C88-A790E90048D7}.Release|Any CPU.ActiveCfg = Release|Any CPU
		{75C195E3-F1E1-454B-8C88-A790E90048D7}.Release|Any CPU.Build.0 = Release|Any CPU
		{3B1EE117-BBD5-4B39-B30D-C666A6521B4A}.Debug|Any CPU.ActiveCfg = Debug|Any CPU
		{3B1EE117-BBD5-4B39-B30D-C666A6521B4A}.Debug|Any CPU.Build.0 = Debug|Any CPU
		{3B1EE117-BBD5-4B39-B30D-C666A6521B4A}.Release|Any CPU.ActiveCfg = Release|Any CPU
		{3B1EE117-BBD5-4B39-B30D-C666A6521B4A}.Release|Any CPU.Build.0 = Release|Any CPU
		{F65F20A0-8346-462D-9951-5C36E1FA430B}.Debug|Any CPU.ActiveCfg = Debug|Any CPU
		{F65F20A0-8346-462D-9951-5C36E1FA430B}.Debug|Any CPU.Build.0 = Debug|Any CPU
		{F65F20A0-8346-462D-9951-5C36E1FA430B}.Release|Any CPU.ActiveCfg = Release|Any CPU
		{F65F20A0-8346-462D-9951-5C36E1FA430B}.Release|Any CPU.Build.0 = Release|Any CPU
		{3AE1156A-AD4E-426E-A4FA-782A9A280AE1}.Debug|Any CPU.ActiveCfg = Debug|Any CPU
		{3AE1156A-AD4E-426E-A4FA-782A9A280AE1}.Debug|Any CPU.Build.0 = Debug|Any CPU
		{3AE1156A-AD4E-426E-A4FA-782A9A280AE1}.Release|Any CPU.ActiveCfg = Release|Any CPU
		{3AE1156A-AD4E-426E-A4FA-782A9A280AE1}.Release|Any CPU.Build.0 = Release|Any CPU
		{B51D9FC2-DABA-40A3-A280-763B5C005A1C}.Debug|Any CPU.ActiveCfg = Debug|Any CPU
		{B51D9FC2-DABA-40A3-A280-763B5C005A1C}.Debug|Any CPU.Build.0 = Debug|Any CPU
		{B51D9FC2-DABA-40A3-A280-763B5C005A1C}.Release|Any CPU.ActiveCfg = Release|Any CPU
		{B51D9FC2-DABA-40A3-A280-763B5C005A1C}.Release|Any CPU.Build.0 = Release|Any CPU
		{CB6439E6-A7B3-4CFE-80E6-D58B9AAE3EB4}.Debug|Any CPU.ActiveCfg = Debug|Any CPU
		{CB6439E6-A7B3-4CFE-80E6-D58B9AAE3EB4}.Debug|Any CPU.Build.0 = Debug|Any CPU
		{CB6439E6-A7B3-4CFE-80E6-D58B9AAE3EB4}.Release|Any CPU.ActiveCfg = Release|Any CPU
		{CB6439E6-A7B3-4CFE-80E6-D58B9AAE3EB4}.Release|Any CPU.Build.0 = Release|Any CPU
		{AE69E83B-B633-44B2-9371-881A687C3619}.Debug|Any CPU.ActiveCfg = Debug|Any CPU
		{AE69E83B-B633-44B2-9371-881A687C3619}.Debug|Any CPU.Build.0 = Debug|Any CPU
		{AE69E83B-B633-44B2-9371-881A687C3619}.Release|Any CPU.ActiveCfg = Release|Any CPU
		{AE69E83B-B633-44B2-9371-881A687C3619}.Release|Any CPU.Build.0 = Release|Any CPU
		{A1839B9D-CE20-4C8E-B858-17EBCC477DB5}.Debug|Any CPU.ActiveCfg = Debug|Any CPU
		{A1839B9D-CE20-4C8E-B858-17EBCC477DB5}.Debug|Any CPU.Build.0 = Debug|Any CPU
		{A1839B9D-CE20-4C8E-B858-17EBCC477DB5}.Release|Any CPU.ActiveCfg = Release|Any CPU
		{A1839B9D-CE20-4C8E-B858-17EBCC477DB5}.Release|Any CPU.Build.0 = Release|Any CPU
		{08C26464-4C3B-4D58-A465-9B526272A818}.Debug|Any CPU.ActiveCfg = Debug|Any CPU
		{08C26464-4C3B-4D58-A465-9B526272A818}.Debug|Any CPU.Build.0 = Debug|Any CPU
		{08C26464-4C3B-4D58-A465-9B526272A818}.Release|Any CPU.ActiveCfg = Release|Any CPU
		{08C26464-4C3B-4D58-A465-9B526272A818}.Release|Any CPU.Build.0 = Release|Any CPU
		{3DA705A7-36EA-4F6A-B3E2-8A9815128EEB}.Debug|Any CPU.ActiveCfg = Debug|Any CPU
		{3DA705A7-36EA-4F6A-B3E2-8A9815128EEB}.Debug|Any CPU.Build.0 = Debug|Any CPU
		{3DA705A7-36EA-4F6A-B3E2-8A9815128EEB}.Release|Any CPU.ActiveCfg = Release|Any CPU
		{3DA705A7-36EA-4F6A-B3E2-8A9815128EEB}.Release|Any CPU.Build.0 = Release|Any CPU
		{8D81AD28-73AC-4B52-801E-6DB4E2484A92}.Debug|Any CPU.ActiveCfg = Debug|Any CPU
		{8D81AD28-73AC-4B52-801E-6DB4E2484A92}.Debug|Any CPU.Build.0 = Debug|Any CPU
		{8D81AD28-73AC-4B52-801E-6DB4E2484A92}.Release|Any CPU.ActiveCfg = Release|Any CPU
		{8D81AD28-73AC-4B52-801E-6DB4E2484A92}.Release|Any CPU.Build.0 = Release|Any CPU
		{1B602509-4FD2-47E7-9076-6672FA564433}.Debug|Any CPU.ActiveCfg = Debug|Any CPU
		{1B602509-4FD2-47E7-9076-6672FA564433}.Debug|Any CPU.Build.0 = Debug|Any CPU
		{1B602509-4FD2-47E7-9076-6672FA564433}.Release|Any CPU.ActiveCfg = Release|Any CPU
		{1B602509-4FD2-47E7-9076-6672FA564433}.Release|Any CPU.Build.0 = Release|Any CPU
		{A6642B56-6896-4185-9A18-04F9DF6CB297}.Debug|Any CPU.ActiveCfg = Debug|Any CPU
		{A6642B56-6896-4185-9A18-04F9DF6CB297}.Debug|Any CPU.Build.0 = Debug|Any CPU
		{A6642B56-6896-4185-9A18-04F9DF6CB297}.Release|Any CPU.ActiveCfg = Release|Any CPU
		{A6642B56-6896-4185-9A18-04F9DF6CB297}.Release|Any CPU.Build.0 = Release|Any CPU
		{F185A38F-2E10-44DA-9418-00C298461B22}.Debug|Any CPU.ActiveCfg = Debug|Any CPU
		{F185A38F-2E10-44DA-9418-00C298461B22}.Debug|Any CPU.Build.0 = Debug|Any CPU
		{F185A38F-2E10-44DA-9418-00C298461B22}.Release|Any CPU.ActiveCfg = Release|Any CPU
		{F185A38F-2E10-44DA-9418-00C298461B22}.Release|Any CPU.Build.0 = Release|Any CPU
		{E92E722B-5EA8-4AE8-87B7-8C55CD8E5611}.Debug|Any CPU.ActiveCfg = Debug|Any CPU
		{E92E722B-5EA8-4AE8-87B7-8C55CD8E5611}.Debug|Any CPU.Build.0 = Debug|Any CPU
		{E92E722B-5EA8-4AE8-87B7-8C55CD8E5611}.Release|Any CPU.ActiveCfg = Release|Any CPU
		{E92E722B-5EA8-4AE8-87B7-8C55CD8E5611}.Release|Any CPU.Build.0 = Release|Any CPU
		{D7B12089-D26B-433E-A7FC-C6AD4B49747B}.Debug|Any CPU.ActiveCfg = Debug|Any CPU
		{D7B12089-D26B-433E-A7FC-C6AD4B49747B}.Debug|Any CPU.Build.0 = Debug|Any CPU
		{D7B12089-D26B-433E-A7FC-C6AD4B49747B}.Release|Any CPU.ActiveCfg = Release|Any CPU
		{D7B12089-D26B-433E-A7FC-C6AD4B49747B}.Release|Any CPU.Build.0 = Release|Any CPU
	EndGlobalSection
	GlobalSection(SolutionProperties) = preSolution
		HideSolutionNode = FALSE
	EndGlobalSection
	GlobalSection(NestedProjects) = preSolution
		{75C195E3-F1E1-454B-8C88-A790E90048D7} = {25315E56-6C50-415E-B0CB-CC1D5DFB998C}
		{02BCCEFD-C697-4F7C-B3B0-5E8C202F5663} = {1B9B1AF3-4AE1-4372-996D-8ACC5CB21F2E}
		{3B1EE117-BBD5-4B39-B30D-C666A6521B4A} = {02BCCEFD-C697-4F7C-B3B0-5E8C202F5663}
		{F65F20A0-8346-462D-9951-5C36E1FA430B} = {02BCCEFD-C697-4F7C-B3B0-5E8C202F5663}
		{3AE1156A-AD4E-426E-A4FA-782A9A280AE1} = {02BCCEFD-C697-4F7C-B3B0-5E8C202F5663}
		{028AC8E4-FB80-4AB1-B8F0-3F20FB8D133C} = {1B9B1AF3-4AE1-4372-996D-8ACC5CB21F2E}
		{B51D9FC2-DABA-40A3-A280-763B5C005A1C} = {028AC8E4-FB80-4AB1-B8F0-3F20FB8D133C}
		{CB6439E6-A7B3-4CFE-80E6-D58B9AAE3EB4} = {028AC8E4-FB80-4AB1-B8F0-3F20FB8D133C}
		{AE69E83B-B633-44B2-9371-881A687C3619} = {028AC8E4-FB80-4AB1-B8F0-3F20FB8D133C}
		{2B335F5A-0D19-42AA-8E59-DC6895689EAD} = {1B9B1AF3-4AE1-4372-996D-8ACC5CB21F2E}
		{A1839B9D-CE20-4C8E-B858-17EBCC477DB5} = {2B335F5A-0D19-42AA-8E59-DC6895689EAD}
		{08C26464-4C3B-4D58-A465-9B526272A818} = {2B335F5A-0D19-42AA-8E59-DC6895689EAD}
		{3DA705A7-36EA-4F6A-B3E2-8A9815128EEB} = {2B335F5A-0D19-42AA-8E59-DC6895689EAD}
		{55CC7FEF-59D3-4DE8-87F6-A113D8CD412E} = {1B9B1AF3-4AE1-4372-996D-8ACC5CB21F2E}
		{8D81AD28-73AC-4B52-801E-6DB4E2484A92} = {55CC7FEF-59D3-4DE8-87F6-A113D8CD412E}
		{1B602509-4FD2-47E7-9076-6672FA564433} = {55CC7FEF-59D3-4DE8-87F6-A113D8CD412E}
		{A6642B56-6896-4185-9A18-04F9DF6CB297} = {55CC7FEF-59D3-4DE8-87F6-A113D8CD412E}
		{099D3FA4-7805-467C-A301-F789721EA6E9} = {1B9B1AF3-4AE1-4372-996D-8ACC5CB21F2E}
		{F185A38F-2E10-44DA-9418-00C298461B22} = {099D3FA4-7805-467C-A301-F789721EA6E9}
		{E92E722B-5EA8-4AE8-87B7-8C55CD8E5611} = {099D3FA4-7805-467C-A301-F789721EA6E9}
		{D7B12089-D26B-433E-A7FC-C6AD4B49747B} = {099D3FA4-7805-467C-A301-F789721EA6E9}
	EndGlobalSection
	GlobalSection(ExtensibilityGlobals) = postSolution
		SolutionGuid = {8A9715B9-4502-4443-8BDA-58FA648EEBCD}
	EndGlobalSection
EndGlobal
